version: 2.0
shards:
  load-env:
    git: https://github.com/aloli-crystal/crystal-load-env.git
    version: 0.1.0+git.commit.357cb130668a0177543710155fcb6c0a56b3f710

  ovh-api:
    git: https://github.com/aloli-crystal/crystal-api-ovh.git
    version: 0.2.4+git.commit.21d20754ce046f84892de42c88a41ee2a3d434d2

  scaleway-api:
    git: https://github.com/aloli-crystal/crystal-api-scaleway.git
    version: 0.2.0+git.commit.8cadd4149b2fbe489d9359c7bd6ac28e68ef1f8a

  silex:
    git: https://github.com/aloli-crystal/crystal-silex.git
    version: 0.1.0+git.commit.ce121c113033d93d45cdc09a2a7e1c68e8512717

