version: 2.0
shards:
  api-dedibox:
    git: https://github.com/aloli-crystal/api-dedibox.git
    version: 0.1.6+git.commit.2906a0e81cd38b3ab8ce4c5ad6d9f9972a4a1cbf

  api-gandi:
    git: https://github.com/aloli-crystal/api-gandi.git
    version: 0.1.0+git.commit.8c4079ff2f865bf805d1da949cde493ec019cd71

  api-ovh:
    git: https://github.com/aloli-crystal/api-ovh.git
    version: 0.7.3+git.commit.c5e9402014d72125d4331498ac90ba10126c1bed

  api-scaleway:
    git: https://github.com/aloli-crystal/api-scaleway.git
    version: 0.5.3+git.commit.01e97460c022d0fd6c14208c48f564c7205a76c1

  diceware:
    git: https://github.com/aloli-crystal/diceware.git
    version: 0.1.5

  load-env:
    git: https://github.com/aloli-crystal/load-env.git
    version: 0.2.1+git.commit.c1904589ee6a8bbe872e497cf7567f6090958579

  secrets:
    git: https://github.com/aloli-crystal/secrets.git
    version: 0.5.3+git.commit.3e15d6964d51f87cd509003778119f63964ea95c

  silex:
    git: https://github.com/aloli-crystal/silex.git
    version: 0.1.2+git.commit.090dcaac8de8e56d1400f328d9c5acc63922605b

  ssh:
    git: https://github.com/aloli-crystal/ssh.git
    version: 0.2.2+git.commit.c60079d403ca2903004355dd1ce2ab3b48b94b00

  toml:
    git: https://github.com/aloli-crystal/toml.git
    version: 0.1.4

